
Microsoft Visual Studio Solution File, Format Version 12.00
# Visual Studio Version 16
VisualStudioVersion = 16.0.30611.23
MinimumVisualStudioVersion = 10.0.40219.1
Project("{FAE04EC0-301F-11D3-BF4B-00C04F79EFBC}") = "Practica_2", "Practica_2\Practica_2.csproj", "{2E72F371-1459-4A17-B5A6-FE44F8EF7CBB}"
EndProject
Global
	GlobalSection(SolutionConfigurationPlatforms) = preSolution
		Debug|Any CPU = Debug|Any CPU
		Release|Any CPU = Release|Any CPU
	EndGlobalSection
	GlobalSection(ProjectConfigurationPlatforms) = postSolution
		{2E72F371-1459-4A17-B5A6-FE44F8EF7CBB}.Debug|Any CPU.ActiveCfg = Debug|Any CPU
		{2E72F371-1459-4A17-B5A6-FE44F8EF7CBB}.Debug|Any CPU.Build.0 = Debug|Any CPU
		{2E72F371-1459-4A17-B5A6-FE44F8EF7CBB}.Release|Any CPU.ActiveCfg = Release|Any CPU
		{2E72F371-1459-4A17-B5A6-FE44F8EF7CBB}.Release|Any CPU.Build.0 = Release|Any CPU
	EndGlobalSection
	GlobalSection(SolutionProperties) = preSolution
		HideSolutionNode = FALSE
	EndGlobalSection
	GlobalSection(ExtensibilityGlobals) = postSolution
		SolutionGuid = {98759B29-D657-406F-9CCC-0ED877387C0F}
	EndGlobalSection
EndGlobal
